{
  "version": 4,
  "terraform_version": "1.14.6",
  "serial": 4,
  "lineage": "ee3e2ced-78f2-de92-3d82-40515a49e0b9",
  "outputs": {},
  "resources": [
    {
      "mode": "data",
      "type": "terraform_remote_state",
      "name": "network",
      "provider": "provider[\"terraform.io/builtin/terraform\"]",
      "instances": [
        {
          "schema_version": 0,
          "attributes": {
            "backend": "local",
            "config": {
              "value": {
                "path": "../1. vpc/terraform.tfstate"
              },
              "type": [
                "object",
                {
                  "path": "string"
                }
              ]
            },
            "defaults": null,
            "outputs": {
              "value": {
                "demo_role": "arn:aws:iam::909614386406:role/eks-logistics-group-nodes",
                "node_role": "arn:aws:iam::909614386406:role/eks-cluster-logistics",
                "private": [
                  "subnet-0f14245a4d7b63790",
                  "subnet-04287bdfac09af3f8"
                ],
                "public": [
                  "subnet-0e3c4a7faad1085bc",
                  "subnet-01d366565da7cb46d"
                ]
              },
              "type": [
                "object",
                {
                  "demo_role": "string",
                  "node_role": "string",
                  "private": [
                    "tuple",
                    [
                      "string",
                      "string"
                    ]
                  ],
                  "public": [
                    "tuple",
                    [
                      "string",
                      "string"
                    ]
                  ]
                }
              ]
            },
            "workspace": null
          },
          "sensitive_attributes": [],
          "identity_schema_version": 0
        }
      ]
    },
    {
      "mode": "managed",
      "type": "aws_eks_cluster",
      "name": "demo",
      "provider": "provider[\"registry.terraform.io/hashicorp/aws\"]",
      "instances": [
        {
          "schema_version": 1,
          "attributes": {
            "access_config": [
              {
                "authentication_mode": "CONFIG_MAP",
                "bootstrap_cluster_creator_admin_permissions": true
              }
            ],
            "arn": "arn:aws:eks:us-east-1:909614386406:cluster/demo",
            "bootstrap_self_managed_addons": true,
            "certificate_authority": [
              {
                "data": "LS0tLS1CRUdJTiBDRVJUSUZJQ0FURS0tLS0tCk1JSURCVENDQWUyZ0F3SUJBZ0lJWFVrM04rVnp3RkV3RFFZSktvWklodmNOQVFFTEJRQXdGVEVUTUJFR0ExVUUKQXhNS2EzVmlaWEp1WlhSbGN6QWVGdzB5TmpBME1UWXhOVEk1TURoYUZ3MHpOakEwTVRNeE5UTTBNRGhhTUJVeApFekFSQmdOVkJBTVRDbXQxWW1WeWJtVjBaWE13Z2dFaU1BMEdDU3FHU0liM0RRRUJBUVVBQTRJQkR3QXdnZ0VLCkFvSUJBUUMzc1hua3V2LzY4Tzd2UjZmT3ozUlRmdnU1UW9rL01LcndBRDlVQis2K3p0TDVYWnB3VkJyUWdObUgKait5aDVycm9VSDZDcWZBcnljSjgxQW1NYnVkekJQQkFoSTB4WmtWZWR5dkgzYXVLT0JzUTkyK2hWMFAyZVZMaQpDSTJma2lsSElvMXdUam91OVk4Z01xMkttYXFuNVpsWk9PaVRRUU8wSDRicjFZWmFqcVNpVER2WmRpOXhzcWdWCjh6aHBxdEV6TFo0T1BldDZvUm90SlhkS3EvdzVYcDkzT2xGbUlmRVl5Yk1RN1Y3SmpyTUx4Z0MrNHFnUjQvbU8KUFpQaTF5c0ducDIyVlFqdmVpWUZCY01nQXZUazVnMXhrTVhGSlFoRWUwbHlNK1Z5NzU0RGhOWDVwaytEOWlCKwpOOE5xQ2tsRGEvUEVUeFZKYXE0OCs2QzZLNXdaQWdNQkFBR2pXVEJYTUE0R0ExVWREd0VCL3dRRUF3SUNwREFQCkJnTlZIUk1CQWY4RUJUQURBUUgvTUIwR0ExVWREZ1FXQkJTaGNsRnBROE9XdnBLOHo1WlNEZVBCRWFFQUh6QVYKQmdOVkhSRUVEakFNZ2dwcmRXSmxjbTVsZEdWek1BMEdDU3FHU0liM0RRRUJDd1VBQTRJQkFRQzNLOTdYdHExQQpzR1cxOXRqTXNnajdVYUFTK1VGWTNlcWlnM3VGSjR3K2xiWUg5aUs3bkJWSDZjSnZxYWNnbGpWY1JNMStrUDJTCnRTb2dHTWxRN0VsL0YwRGF5OFZIaXl5dHp4Mmkrd2oyWFNJVTgrQ1BBRCtBSG5QaWwyMngwZkgyN1B0WTEvOTEKTG40bGFLYVlCNlBITlhINGZvTjJRdUN4bEJXNUhCWTJ1SXFTRkVpWUZSWi9iWk5iUHpSVlhXVnoxSXVqZ21hYQpUaTFIc2Vka09MQU10WXc5dDJBTlZSVERVOUFtVUlrR3dyVGxGTENHSjdzdk9kZHROSm9BZXppVCt2RHVheVdXClBOV0RDUDRZY2Rlclh2MkdPNG9vbVV1emhaRW11b05Oa2tkSm4veE5wVGJMaGdxRjNNc3BRNGl6Szd3dkF4QUkKc1h1MVExbUVkSUJtCi0tLS0tRU5EIENFUlRJRklDQVRFLS0tLS0K"
              }
            ],
            "cluster_id": null,
            "compute_config": [
              {
                "enabled": false,
                "node_pools": [],
                "node_role_arn": ""
              }
            ],
            "control_plane_scaling_config": [
              {
                "tier": "standard"
              }
            ],
            "created_at": "2026-04-16T15:29:30Z",
            "deletion_protection": false,
            "enabled_cluster_log_types": null,
            "encryption_config": [],
            "endpoint": "https://FCC9B7660405EA92BB64952BEA1034B4.gr7.us-east-1.eks.amazonaws.com",
            "force_update_version": null,
            "id": "demo",
            "identity": [
              {
                "oidc": [
                  {
                    "issuer": "https://oidc.eks.us-east-1.amazonaws.com/id/FCC9B7660405EA92BB64952BEA1034B4"
                  }
                ]
              }
            ],
            "kubernetes_network_config": [
              {
                "elastic_load_balancing": [
                  {
                    "enabled": false
                  }
                ],
                "ip_family": "ipv4",
                "service_ipv4_cidr": "172.20.0.0/16",
                "service_ipv6_cidr": ""
              }
            ],
            "name": "demo",
            "outpost_config": [],
            "platform_version": "eks.9",
            "region": "us-east-1",
            "remote_network_config": [],
            "role_arn": "arn:aws:iam::909614386406:role/eks-cluster-logistics",
            "status": "ACTIVE",
            "storage_config": [
              {
                "block_storage": [
                  {
                    "enabled": false
                  }
                ]
              }
            ],
            "tags": null,
            "tags_all": {},
            "timeouts": null,
            "upgrade_policy": [
              {
                "support_type": "EXTENDED"
              }
            ],
            "version": "1.35",
            "vpc_config": [
              {
                "cluster_security_group_id": "sg-03b34783906678749",
                "endpoint_private_access": false,
                "endpoint_public_access": true,
                "public_access_cidrs": [
                  "0.0.0.0/0"
                ],
                "security_group_ids": null,
                "subnet_ids": [
                  "subnet-01d366565da7cb46d",
                  "subnet-04287bdfac09af3f8",
                  "subnet-0e3c4a7faad1085bc",
                  "subnet-0f14245a4d7b63790"
                ],
                "vpc_id": "vpc-0b27508a28a2d2b80"
              }
            ],
            "zonal_shift_config": []
          },
          "sensitive_attributes": [],
          "identity_schema_version": 0,
          "identity": {
            "account_id": "909614386406",
            "name": "demo",
            "region": "us-east-1"
          },
          "private": "eyJlMmJmYjczMC1lY2FhLTExZTYtOGY4OC0zNDM2M2JjN2M0YzAiOnsiY3JlYXRlIjoxODAwMDAwMDAwMDAwLCJkZWxldGUiOjkwMDAwMDAwMDAwMCwidXBkYXRlIjozNjAwMDAwMDAwMDAwfSwic2NoZW1hX3ZlcnNpb24iOiIxIn0=",
          "dependencies": [
            "data.terraform_remote_state.network"
          ]
        }
      ]
    },
    {
      "mode": "managed",
      "type": "aws_eks_node_group",
      "name": "private-nodes",
      "provider": "provider[\"registry.terraform.io/hashicorp/aws\"]",
      "instances": [
        {
          "schema_version": 0,
          "attributes": {
            "ami_type": "AL2023_x86_64_STANDARD",
            "arn": "arn:aws:eks:us-east-1:909614386406:nodegroup/demo/private-nodes/c4cecb78-18f9-66b5-0f52-454cbd26b66d",
            "capacity_type": "ON_DEMAND",
            "cluster_name": "demo",
            "disk_size": 20,
            "force_update_version": null,
            "id": "demo:private-nodes",
            "instance_types": [
              "t2.micro"
            ],
            "labels": {
              "role": "general"
            },
            "launch_template": [],
            "node_group_name": "private-nodes",
            "node_group_name_prefix": "",
            "node_repair_config": [],
            "node_role_arn": "arn:aws:iam::909614386406:role/eks-logistics-group-nodes",
            "region": "us-east-1",
            "release_version": "1.35.3-20260409",
            "remote_access": [],
            "resources": [
              {
                "autoscaling_groups": [
                  {
                    "name": "eks-private-nodes-c4cecb78-18f9-66b5-0f52-454cbd26b66d"
                  }
                ],
                "remote_access_security_group_id": ""
              }
            ],
            "scaling_config": [
              {
                "desired_size": 2,
                "max_size": 10,
                "min_size": 0
              }
            ],
            "status": "ACTIVE",
            "subnet_ids": [
              "subnet-04287bdfac09af3f8",
              "subnet-0f14245a4d7b63790"
            ],
            "tags": {
              "k8s.io/cluster-autoscaler/demo": "owned",
              "k8s.io/cluster-autoscaler/enabled": "false"
            },
            "tags_all": {
              "k8s.io/cluster-autoscaler/demo": "owned",
              "k8s.io/cluster-autoscaler/enabled": "false"
            },
            "taint": [],
            "timeouts": null,
            "update_config": [
              {
                "max_unavailable": 1,
                "max_unavailable_percentage": 0,
                "update_strategy": ""
              }
            ],
            "version": "1.35"
          },
          "sensitive_attributes": [],
          "identity_schema_version": 0,
          "private": "eyJlMmJmYjczMC1lY2FhLTExZTYtOGY4OC0zNDM2M2JjN2M0YzAiOnsiY3JlYXRlIjozNjAwMDAwMDAwMDAwLCJkZWxldGUiOjM2MDAwMDAwMDAwMDAsInVwZGF0ZSI6MzYwMDAwMDAwMDAwMH19",
          "dependencies": [
            "aws_eks_cluster.demo",
            "data.terraform_remote_state.network"
          ]
        }
      ]
    }
  ],
  "check_results": null
}
